
Microsoft Visual Studio Solution File, Format Version 12.00
# Visual Studio Version 16
VisualStudioVersion = 16.0.29728.190
MinimumVisualStudioVersion = 10.0.40219.1
Project("{FAE04EC0-301F-11D3-BF4B-00C04F79EFBC}") = "testAPI", "testAPI\testAPI.csproj", "{C8A55E6D-2A47-4377-AC06-FC1A1D8C78E3}"
EndProject
Global
	GlobalSection(SolutionConfigurationPlatforms) = preSolution
		Debug|Any CPU = Debug|Any CPU
		Release|Any CPU = Release|Any CPU
	EndGlobalSection
	GlobalSection(ProjectConfigurationPlatforms) = postSolution
		{C8A55E6D-2A47-4377-AC06-FC1A1D8C78E3}.Debug|Any CPU.ActiveCfg = Debug|Any CPU
		{C8A55E6D-2A47-4377-AC06-FC1A1D8C78E3}.Debug|Any CPU.Build.0 = Debug|Any CPU
		{C8A55E6D-2A47-4377-AC06-FC1A1D8C78E3}.Release|Any CPU.ActiveCfg = Release|Any CPU
		{C8A55E6D-2A47-4377-AC06-FC1A1D8C78E3}.Release|Any CPU.Build.0 = Release|Any CPU
	EndGlobalSection
	GlobalSection(SolutionProperties) = preSolution
		HideSolutionNode = FALSE
	EndGlobalSection
	GlobalSection(ExtensibilityGlobals) = postSolution
		SolutionGuid = {95D68EB9-2C1C-4499-9154-0C442EF7D681}
	EndGlobalSection
EndGlobal
